{
  "name": "goal-dag",
  "version": "0.1.0",
  "lockfileVersion": 3,
  "requires": true,
  "packages": {
    "": {
      "name": "goal-dag",
      "version": "0.1.0",
      "dependencies": {
        "goal-contract": "github:a5345534/goal-contract#f51a078"
      },
      "bin": {
        "goal-dag": "dist/scripts/build-dag.js"
      },
      "devDependencies": {
        "@types/node": "^24.10.0",
        "typescript": "^6.0.3"
      },
      "engines": {
        "node": ">=22.5.0"
      }
    },
    "node_modules/@types/node": {
      "version": "24.12.4",
      "dev": true,
      "license": "MIT",
      "dependencies": {
        "undici-types": "~7.16.0"
      }
    },
    "node_modules/goal-contract": {
      "version": "0.1.0",
      "resolved": "git+ssh://git@github.com/a5345534/goal-contract.git#f51a07838ff9f5b25d3121a40a62b0c247534ba4",
      "engines": {
        "node": ">=22.5.0"
      }
    },
    "node_modules/typescript": {
      "version": "6.0.3",
      "dev": true,
      "license": "Apache-2.0",
      "bin": {
        "tsc": "bin/tsc",
        "tsserver": "bin/tsserver"
      },
      "engines": {
        "node": ">=14.17"
      }
    },
    "node_modules/undici-types": {
      "version": "7.16.0",
      "dev": true,
      "license": "MIT"
    }
  }
}
