{
  "name": "goal-dag",
  "version": "0.1.0",
  "lockfileVersion": 3,
  "requires": true,
  "packages": {
    "": {
      "name": "goal-dag",
      "version": "0.1.0",
      "dependencies": {
        "goal-runner": "github:a5345534/goal-runner#f7ba1b341dc0232d5625b8bf895b55930e383b86"
      },
      "bin": {
        "goal-dag": "dist/scripts/build-dag.js"
      },
      "devDependencies": {
        "@types/node": "^24.10.0",
        "typescript": "^6.0.3"
      },
      "engines": {
        "node": ">=22.5.0"
      }
    },
    "node_modules/@types/node": {
      "version": "24.12.4",
      "dev": true,
      "license": "MIT",
      "dependencies": {
        "undici-types": "~7.16.0"
      }
    },
    "node_modules/goal-runner": {
      "version": "0.1.1",
      "resolved": "git+ssh://git@github.com/a5345534/goal-runner.git#f7ba1b341dc0232d5625b8bf895b55930e383b86",
      "integrity": "sha512-NVmYo3ZxF06RrvPQE3e2lk0Zij1LLibuVpPiBRPNYt/nRUpp5k1RbjD9BXPzxCnMG7zOEpW5rd521Ih+BTixpA==",
      "bin": {
        "agent-goal": "dist/cli.js",
        "goal-runner": "dist/cli.js"
      },
      "engines": {
        "node": ">=22.5.0"
      },
      "peerDependencies": {
        "@earendil-works/pi-ai": "*",
        "@earendil-works/pi-coding-agent": "*",
        "@earendil-works/pi-tui": "*",
        "@opencode-ai/plugin": "*",
        "typebox": "*",
        "zod": "*"
      },
      "peerDependenciesMeta": {
        "@earendil-works/pi-ai": {
          "optional": true
        },
        "@earendil-works/pi-coding-agent": {
          "optional": true
        },
        "@earendil-works/pi-tui": {
          "optional": true
        },
        "@opencode-ai/plugin": {
          "optional": true
        },
        "typebox": {
          "optional": true
        },
        "zod": {
          "optional": true
        }
      }
    },
    "node_modules/typescript": {
      "version": "6.0.3",
      "dev": true,
      "license": "Apache-2.0",
      "bin": {
        "tsc": "bin/tsc",
        "tsserver": "bin/tsserver"
      },
      "engines": {
        "node": ">=14.17"
      }
    },
    "node_modules/undici-types": {
      "version": "7.16.0",
      "dev": true,
      "license": "MIT"
    }
  }
}
